# This file is automatically @generated by Poetry 1.4.0 and should not be changed by hand.

[[package]]
name = "pyxel"
version = "1.9.13"
description = "A retro game engine for Python"
category = "main"
optional = false
python-versions = ">=3.7"
files = [
    {file = "pyxel-1.9.13-cp37-abi3-macosx_10_7_x86_64.whl", hash = "sha256:7d86a708910f3b7cb3cf4ecc167d7157dabf26af190a721d5f60d9abe7951bbe"},
    {file = "pyxel-1.9.13-cp37-abi3-macosx_11_0_arm64.whl", hash = "sha256:343d5d909b2faccfbf7b7714ec4792f9f70d0bc966bea46cffcc9424b9785862"},
    {file = "pyxel-1.9.13-cp37-abi3-manylinux_2_17_aarch64.manylinux2014_aarch64.whl", hash = "sha256:a15553ac5d7de5ea9d605b3e78e1f4859da150d827c6853117359ad8632eb2f8"},
    {file = "pyxel-1.9.13-cp37-abi3-manylinux_2_17_i686.manylinux2014_i686.whl", hash = "sha256:70c39b5d9d40ba804e8fe4679e1037672fa9a4d7997cb6d265cb78a829c346e7"},
    {file = "pyxel-1.9.13-cp37-abi3-manylinux_2_17_x86_64.manylinux2014_x86_64.whl", hash = "sha256:4275328b20d030a8d02477cf17644e3cdef1720094335c9f6901ba278eb932f9"},
    {file = "pyxel-1.9.13-cp37-abi3-win32.whl", hash = "sha256:6fa7956362291dc9fa2ad25a13489f44103f9db21d4124517af85280247af8a2"},
    {file = "pyxel-1.9.13-cp37-abi3-win_amd64.whl", hash = "sha256:2aba3f8f4aeb24320b5c44841ae199528ab77af40ac7105fcad00a099309ad68"},
]

[[package]]
name = "yapf"
version = "0.32.0"
description = "A formatter for Python code."
category = "dev"
optional = false
python-versions = "*"
files = [
    {file = "yapf-0.32.0-py2.py3-none-any.whl", hash = "sha256:8fea849025584e486fd06d6ba2bed717f396080fd3cc236ba10cb97c4c51cf32"},
    {file = "yapf-0.32.0.tar.gz", hash = "sha256:a3f5085d37ef7e3e004c4ba9f9b3e40c54ff1901cd111f05145ae313a7c67d1b"},
]

[metadata]
lock-version = "2.0"
python-versions = "^3.10"
content-hash = "82be174447fbb601748be609c2c27497b7e52bc12da760c1bbde4c1756e73eb4"
