# This file is automatically @generated by Poetry and should not be changed by hand.

[[package]]
name = "pyxel"
version = "1.9.12"
description = "A retro game engine for Python"
category = "main"
optional = false
python-versions = ">=3.7"
files = [
    {file = "pyxel-1.9.12-cp37-abi3-macosx_10_7_x86_64.whl", hash = "sha256:803b5778ac36fb85c620dcc1637e4c8218bedf16830837dca8170f0d30b24cc8"},
    {file = "pyxel-1.9.12-cp37-abi3-macosx_11_0_arm64.whl", hash = "sha256:47fab9ea1df28a09b89621f7a3c890dc3cb904516acb9f55f026e1c2d8244f22"},
    {file = "pyxel-1.9.12-cp37-abi3-manylinux_2_17_aarch64.manylinux2014_aarch64.whl", hash = "sha256:72a346fae95c8d255f860026b76d1f5c06a8c1f689f3cc9a3b0b207f9e963bb8"},
    {file = "pyxel-1.9.12-cp37-abi3-manylinux_2_17_i686.manylinux2014_i686.whl", hash = "sha256:214782a9cdff62e78e9279e29cbae133ccfccf3a0e6edefcf59c800b9d95b391"},
    {file = "pyxel-1.9.12-cp37-abi3-manylinux_2_17_x86_64.manylinux2014_x86_64.whl", hash = "sha256:427d144478d7a9f4938f9c5ba4101da1f88c160cf3d4325c7b775c91c5dbd5c1"},
    {file = "pyxel-1.9.12-cp37-abi3-win32.whl", hash = "sha256:ce4fe2cf927977f29391f70cf25ab6b990e64568996b2869509236f514826459"},
    {file = "pyxel-1.9.12-cp37-abi3-win_amd64.whl", hash = "sha256:32fafbdff78281a2f895fc96bec3862fe908e4b36d9ecf9db9aa08267d54e989"},
]

[metadata]
lock-version = "2.0"
python-versions = "^3.10"
content-hash = "34c2bea6d4e2024bc5cc39aeff50b19a3862a7d9d30010388562d2473948ae1c"
